// !$*UTF8*$!
{
	archiveVersion = 1;
	classes = {
	};
	objectVersion = 56;
	objects = {

/* Begin PBXBuildFile section */
		258252362ACF0D1A006BB70D /* AppDelegate.swift in Sources */ = {isa = PBXBuildFile; fileRef = 258252352ACF0D1A006BB70D /* AppDelegate.swift */; };
		258252382ACF0D1A006BB70D /* SceneDelegate.swift in Sources */ = {isa = PBXBuildFile; fileRef = 258252372ACF0D1A006BB70D /* SceneDelegate.swift */; };
		2582523A2ACF0D1A006BB70D /* ViewController.swift in Sources */ = {isa = PBXBuildFile; fileRef = 258252392ACF0D1A006BB70D /* ViewController.swift */; };
		2582523D2ACF0D1A006BB70D /* Main.storyboard in Resources */ = {isa = PBXBuildFile; fileRef = 2582523B2ACF0D1A006BB70D /* Main.storyboard */; };
		258252402ACF0D1A006BB70D /* ParisSportifs.xcdatamodeld in Sources */ = {isa = PBXBuildFile; fileRef = 2582523E2ACF0D1A006BB70D /* ParisSportifs.xcdatamodeld */; };
		258252422ACF0D1F006BB70D /* Assets.xcassets in Resources */ = {isa = PBXBuildFile; fileRef = 258252412ACF0D1F006BB70D /* Assets.xcassets */; };
		258252452ACF0D1F006BB70D /* LaunchScreen.storyboard in Resources */ = {isa = PBXBuildFile; fileRef = 258252432ACF0D1F006BB70D /* LaunchScreen.storyboard */; };
		258252502ACF0D20006BB70D /* ParisSportifsTests.swift in Sources */ = {isa = PBXBuildFile; fileRef = 2582524F2ACF0D20006BB70D /* ParisSportifsTests.swift */; };
		2582525A2ACF0D20006BB70D /* ParisSportifsUITests.swift in Sources */ = {isa = PBXBuildFile; fileRef = 258252592ACF0D20006BB70D /* ParisSportifsUITests.swift */; };
		2582525C2ACF0D20006BB70D /* ParisSportifsUITestsLaunchTests.swift in Sources */ = {isa = PBXBuildFile; fileRef = 2582525B2ACF0D20006BB70D /* ParisSportifsUITestsLaunchTests.swift */; };
/* End PBXBuildFile section */

/* Begin PBXContainerItemProxy section */
		2582524C2ACF0D20006BB70D /* PBXContainerItemProxy */ = {
			isa = PBXContainerItemProxy;
			containerPortal = 2582522A2ACF0D19006BB70D /* Project object */;
			proxyType = 1;
			remoteGlobalIDString = 258252312ACF0D1A006BB70D;
			remoteInfo = ParisSportifs;
		};
		258252562ACF0D20006BB70D /* PBXContainerItemProxy */ = {
			isa = PBXContainerItemProxy;
			containerPortal = 2582522A2ACF0D19006BB70D /* Project object */;
			proxyType = 1;
			remoteGlobalIDString = 258252312ACF0D1A006BB70D;
			remoteInfo = ParisSportifs;
		};
/* End PBXContainerItemProxy section */

/* Begin PBXFileReference section */
		258252322ACF0D1A006BB70D /* ParisSportifs.app */ = {isa = PBXFileReference; explicitFileType = wrapper.application; includeInIndex = 0; path = ParisSportifs.app; sourceTree = BUILT_PRODUCTS_DIR; };
		258252352ACF0D1A006BB70D /* AppDelegate.swift */ = {isa = PBXFileReference; lastKnownFileType = sourcecode.swift; path = AppDelegate.swift; sourceTree = "<group>"; };
		258252372ACF0D1A006BB70D /* SceneDelegate.swift */ = {isa = PBXFileReference; lastKnownFileType = sourcecode.swift; path = SceneDelegate.swift; sourceTree = "<group>"; };
		258252392ACF0D1A006BB70D /* ViewController.swift */ = {isa = PBXFileReference; lastKnownFileType = sourcecode.swift; path = ViewController.swift; sourceTree = "<group>"; };
		2582523C2ACF0D1A006BB70D /* Base */ = {isa = PBXFileReference; lastKnownFileType = file.storyboard; name = Base; path = Base.lproj/Main.storyboard; sourceTree = "<group>"; };
		2582523F2ACF0D1A006BB70D /* ParisSportifs.xcdatamodel */ = {isa = PBXFileReference; lastKnownFileType = wrapper.xcdatamodel; path = ParisSportifs.xcdatamodel; sourceTree = "<group>"; };
		258252412ACF0D1F006BB70D /* Assets.xcassets */ = {isa = PBXFileReference; lastKnownFileType = folder.assetcatalog; path = Assets.xcassets; sourceTree = "<group>"; };
		258252442ACF0D1F006BB70D /* Base */ = {isa = PBXFileReference; lastKnownFileType = file.storyboard; name = Base; path = Base.lproj/LaunchScreen.storyboard; sourceTree = "<group>"; };
		258252462ACF0D1F006BB70D /* Info.plist */ = {isa = PBXFileReference; lastKnownFileType = text.plist.xml; path = Info.plist; sourceTree = "<group>"; };
		2582524B2ACF0D20006BB70D /* ParisSportifsTests.xctest */ = {isa = PBXFileReference; explicitFileType = wrapper.cfbundle; includeInIndex = 0; path = ParisSportifsTests.xctest; sourceTree = BUILT_PRODUCTS_DIR; };
		2582524F2ACF0D20006BB70D /* ParisSportifsTests.swift */ = {isa = PBXFileReference; lastKnownFileType = sourcecode.swift; path = ParisSportifsTests.swift; sourceTree = "<group>"; };
		258252552ACF0D20006BB70D /* ParisSportifsUITests.xctest */ = {isa = PBXFileReference; explicitFileType = wrapper.cfbundle; includeInIndex = 0; path = ParisSportifsUITests.xctest; sourceTree = BUILT_PRODUCTS_DIR; };
		258252592ACF0D20006BB70D /* ParisSportifsUITests.swift */ = {isa = PBXFileReference; lastKnownFileType = sourcecode.swift; path = ParisSportifsUITests.swift; sourceTree = "<group>"; };
		2582525B2ACF0D20006BB70D /* ParisSportifsUITestsLaunchTests.swift */ = {isa = PBXFileReference; lastKnownFileType = sourcecode.swift; path = ParisSportifsUITestsLaunchTests.swift; sourceTree = "<group>"; };
/* End PBXFileReference section */

/* Begin PBXFrameworksBuildPhase section */
		2582522F2ACF0D1A006BB70D /* Frameworks */ = {
			isa = PBXFrameworksBuildPhase;
			buildActionMask = 2147483647;
			files = (
			);
			runOnlyForDeploymentPostprocessing = 0;
		};
		258252482ACF0D20006BB70D /* Frameworks */ = {
			isa = PBXFrameworksBuildPhase;
			buildActionMask = 2147483647;
			files = (
			);
			runOnlyForDeploymentPostprocessing = 0;
		};
		258252522ACF0D20006BB70D /* Frameworks */ = {
			isa = PBXFrameworksBuildPhase;
			buildActionMask = 2147483647;
			files = (
			);
			runOnlyForDeploymentPostprocessing = 0;
		};
/* End PBXFrameworksBuildPhase section */

/* Begin PBXGroup section */
		258252292ACF0D19006BB70D = {
			isa = PBXGroup;
			children = (
				258252342ACF0D1A006BB70D /* ParisSportifs */,
				2582524E2ACF0D20006BB70D /* ParisSportifsTests */,
				258252582ACF0D20006BB70D /* ParisSportifsUITests */,
				258252332ACF0D1A006BB70D /* Products */,
			);
			sourceTree = "<group>";
		};
		258252332ACF0D1A006BB70D /* Products */ = {
			isa = PBXGroup;
			children = (
				258252322ACF0D1A006BB70D /* ParisSportifs.app */,
				2582524B2ACF0D20006BB70D /* ParisSportifsTests.xctest */,
				258252552ACF0D20006BB70D /* ParisSportifsUITests.xctest */,
			);
			name = Products;
			sourceTree = "<group>";
		};
		258252342ACF0D1A006BB70D /* ParisSportifs */ = {
			isa = PBXGroup;
			children = (
				258252682ACF0ED8006BB70D /* App */,
				258252352ACF0D1A006BB70D /* AppDelegate.swift */,
				258252372ACF0D1A006BB70D /* SceneDelegate.swift */,
				258252392ACF0D1A006BB70D /* ViewController.swift */,
				2582523B2ACF0D1A006BB70D /* Main.storyboard */,
				258252412ACF0D1F006BB70D /* Assets.xcassets */,
				258252432ACF0D1F006BB70D /* LaunchScreen.storyboard */,
				258252462ACF0D1F006BB70D /* Info.plist */,
				2582523E2ACF0D1A006BB70D /* ParisSportifs.xcdatamodeld */,
			);
			path = ParisSportifs;
			sourceTree = "<group>";
		};
		2582524E2ACF0D20006BB70D /* ParisSportifsTests */ = {
			isa = PBXGroup;
			children = (
				2582524F2ACF0D20006BB70D /* ParisSportifsTests.swift */,
			);
			path = ParisSportifsTests;
			sourceTree = "<group>";
		};
		258252582ACF0D20006BB70D /* ParisSportifsUITests */ = {
			isa = PBXGroup;
			children = (
				258252592ACF0D20006BB70D /* ParisSportifsUITests.swift */,
				2582525B2ACF0D20006BB70D /* ParisSportifsUITestsLaunchTests.swift */,
			);
			path = ParisSportifsUITests;
			sourceTree = "<group>";
		};
		258252682ACF0ED8006BB70D /* App */ = {
			isa = PBXGroup;
			children = (
				2582526B2ACF0F76006BB70D /* UI Layer */,
				258252692ACF0EE9006BB70D /* Data Layer */,
			);
			path = App;
			sourceTree = "<group>";
		};
		258252692ACF0EE9006BB70D /* Data Layer */ = {
			isa = PBXGroup;
			children = (
				2582526E2ACF0FAF006BB70D /* Shared */,
				2582526D2ACF0FA0006BB70D /* Networking */,
				2582526C2ACF0F92006BB70D /* Models */,
			);
			path = "Data Layer";
			sourceTree = "<group>";
		};
		2582526B2ACF0F76006BB70D /* UI Layer */ = {
			isa = PBXGroup;
			children = (
				258252722ACF1080006BB70D /* View Controllers */,
				258252712ACF1070006BB70D /* Views */,
				258252702ACF105D006BB70D /* Storyboards */,
				2582526F2ACF1043006BB70D /* View Models */,
			);
			path = "UI Layer";
			sourceTree = "<group>";
		};
		2582526C2ACF0F92006BB70D /* Models */ = {
			isa = PBXGroup;
			children = (
			);
			path = Models;
			sourceTree = "<group>";
		};
		2582526D2ACF0FA0006BB70D /* Networking */ = {
			isa = PBXGroup;
			children = (
			);
			path = Networking;
			sourceTree = "<group>";
		};
		2582526E2ACF0FAF006BB70D /* Shared */ = {
			isa = PBXGroup;
			children = (
			);
			path = Shared;
			sourceTree = "<group>";
		};
		2582526F2ACF1043006BB70D /* View Models */ = {
			isa = PBXGroup;
			children = (
			);
			path = "View Models";
			sourceTree = "<group>";
		};
		258252702ACF105D006BB70D /* Storyboards */ = {
			isa = PBXGroup;
			children = (
			);
			path = Storyboards;
			sourceTree = "<group>";
		};
		258252712ACF1070006BB70D /* Views */ = {
			isa = PBXGroup;
			children = (
			);
			path = Views;
			sourceTree = "<group>";
		};
		258252722ACF1080006BB70D /* View Controllers */ = {
			isa = PBXGroup;
			children = (
			);
			path = "View Controllers";
			sourceTree = "<group>";
		};
/* End PBXGroup section */

/* Begin PBXNativeTarget section */
		258252312ACF0D1A006BB70D /* ParisSportifs */ = {
			isa = PBXNativeTarget;
			buildConfigurationList = 2582525F2ACF0D20006BB70D /* Build configuration list for PBXNativeTarget "ParisSportifs" */;
			buildPhases = (
				2582522E2ACF0D1A006BB70D /* Sources */,
				2582522F2ACF0D1A006BB70D /* Frameworks */,
				258252302ACF0D1A006BB70D /* Resources */,
			);
			buildRules = (
			);
			dependencies = (
			);
			name = ParisSportifs;
			productName = ParisSportifs;
			productReference = 258252322ACF0D1A006BB70D /* ParisSportifs.app */;
			productType = "com.apple.product-type.application";
		};
		2582524A2ACF0D20006BB70D /* ParisSportifsTests */ = {
			isa = PBXNativeTarget;
			buildConfigurationList = 258252622ACF0D20006BB70D /* Build configuration list for PBXNativeTarget "ParisSportifsTests" */;
			buildPhases = (
				258252472ACF0D20006BB70D /* Sources */,
				258252482ACF0D20006BB70D /* Frameworks */,
				258252492ACF0D20006BB70D /* Resources */,
			);
			buildRules = (
			);
			dependencies = (
				2582524D2ACF0D20006BB70D /* PBXTargetDependency */,
			);
			name = ParisSportifsTests;
			productName = ParisSportifsTests;
			productReference = 2582524B2ACF0D20006BB70D /* ParisSportifsTests.xctest */;
			productType = "com.apple.product-type.bundle.unit-test";
		};
		258252542ACF0D20006BB70D /* ParisSportifsUITests */ = {
			isa = PBXNativeTarget;
			buildConfigurationList = 258252652ACF0D20006BB70D /* Build configuration list for PBXNativeTarget "ParisSportifsUITests" */;
			buildPhases = (
				258252512ACF0D20006BB70D /* Sources */,
				258252522ACF0D20006BB70D /* Frameworks */,
				258252532ACF0D20006BB70D /* Resources */,
			);
			buildRules = (
			);
			dependencies = (
				258252572ACF0D20006BB70D /* PBXTargetDependency */,
			);
			name = ParisSportifsUITests;
			productName = ParisSportifsUITests;
			productReference = 258252552ACF0D20006BB70D /* ParisSportifsUITests.xctest */;
			productType = "com.apple.product-type.bundle.ui-testing";
		};
/* End PBXNativeTarget section */

/* Begin PBXProject section */
		2582522A2ACF0D19006BB70D /* Project object */ = {
			isa = PBXProject;
			attributes = {
				BuildIndependentTargetsInParallel = 1;
				LastSwiftUpdateCheck = 1500;
				LastUpgradeCheck = 1500;
				TargetAttributes = {
					258252312ACF0D1A006BB70D = {
						CreatedOnToolsVersion = 15.0;
					};
					2582524A2ACF0D20006BB70D = {
						CreatedOnToolsVersion = 15.0;
						TestTargetID = 258252312ACF0D1A006BB70D;
					};
					258252542ACF0D20006BB70D = {
						CreatedOnToolsVersion = 15.0;
						TestTargetID = 258252312ACF0D1A006BB70D;
					};
				};
			};
			buildConfigurationList = 2582522D2ACF0D19006BB70D /* Build configuration list for PBXProject "ParisSportifs" */;
			compatibilityVersion = "Xcode 14.0";
			developmentRegion = en;
			hasScannedForEncodings = 0;
			knownRegions = (
				en,
				Base,
			);
			mainGroup = 258252292ACF0D19006BB70D;
			productRefGroup = 258252332ACF0D1A006BB70D /* Products */;
			projectDirPath = "";
			projectRoot = "";
			targets = (
				258252312ACF0D1A006BB70D /* ParisSportifs */,
				2582524A2ACF0D20006BB70D /* ParisSportifsTests */,
				258252542ACF0D20006BB70D /* ParisSportifsUITests */,
			);
		};
/* End PBXProject section */

/* Begin PBXResourcesBuildPhase section */
		258252302ACF0D1A006BB70D /* Resources */ = {
			isa = PBXResourcesBuildPhase;
			buildActionMask = 2147483647;
			files = (
				258252452ACF0D1F006BB70D /* LaunchScreen.storyboard in Resources */,
				258252422ACF0D1F006BB70D /* Assets.xcassets in Resources */,
				2582523D2ACF0D1A006BB70D /* Main.storyboard in Resources */,
			);
			runOnlyForDeploymentPostprocessing = 0;
		};
		258252492ACF0D20006BB70D /* Resources */ = {
			isa = PBXResourcesBuildPhase;
			buildActionMask = 2147483647;
			files = (
			);
			runOnlyForDeploymentPostprocessing = 0;
		};
		258252532ACF0D20006BB70D /* Resources */ = {
			isa = PBXResourcesBuildPhase;
			buildActionMask = 2147483647;
			files = (
			);
			runOnlyForDeploymentPostprocessing = 0;
		};
/* End PBXResourcesBuildPhase section */

/* Begin PBXSourcesBuildPhase section */
		2582522E2ACF0D1A006BB70D /* Sources */ = {
			isa = PBXSourcesBuildPhase;
			buildActionMask = 2147483647;
			files = (
				2582523A2ACF0D1A006BB70D /* ViewController.swift in Sources */,
				258252362ACF0D1A006BB70D /* AppDelegate.swift in Sources */,
				258252382ACF0D1A006BB70D /* SceneDelegate.swift in Sources */,
				258252402ACF0D1A006BB70D /* ParisSportifs.xcdatamodeld in Sources */,
			);
			runOnlyForDeploymentPostprocessing = 0;
		};
		258252472ACF0D20006BB70D /* Sources */ = {
			isa = PBXSourcesBuildPhase;
			buildActionMask = 2147483647;
			files = (
				258252502ACF0D20006BB70D /* ParisSportifsTests.swift in Sources */,
			);
			runOnlyForDeploymentPostprocessing = 0;
		};
		258252512ACF0D20006BB70D /* Sources */ = {
			isa = PBXSourcesBuildPhase;
			buildActionMask = 2147483647;
			files = (
				2582525C2ACF0D20006BB70D /* ParisSportifsUITestsLaunchTests.swift in Sources */,
				2582525A2ACF0D20006BB70D /* ParisSportifsUITests.swift in Sources */,
			);
			runOnlyForDeploymentPostprocessing = 0;
		};
/* End PBXSourcesBuildPhase section */

/* Begin PBXTargetDependency section */
		2582524D2ACF0D20006BB70D /* PBXTargetDependency */ = {
			isa = PBXTargetDependency;
			target = 258252312ACF0D1A006BB70D /* ParisSportifs */;
			targetProxy = 2582524C2ACF0D20006BB70D /* PBXContainerItemProxy */;
		};
		258252572ACF0D20006BB70D /* PBXTargetDependency */ = {
			isa = PBXTargetDependency;
			target = 258252312ACF0D1A006BB70D /* ParisSportifs */;
			targetProxy = 258252562ACF0D20006BB70D /* PBXContainerItemProxy */;
		};
/* End PBXTargetDependency section */

/* Begin PBXVariantGroup section */
		2582523B2ACF0D1A006BB70D /* Main.storyboard */ = {
			isa = PBXVariantGroup;
			children = (
				2582523C2ACF0D1A006BB70D /* Base */,
			);
			name = Main.storyboard;
			sourceTree = "<group>";
		};
		258252432ACF0D1F006BB70D /* LaunchScreen.storyboard */ = {
			isa = PBXVariantGroup;
			children = (
				258252442ACF0D1F006BB70D /* Base */,
			);
			name = LaunchScreen.storyboard;
			sourceTree = "<group>";
		};
/* End PBXVariantGroup section */

/* Begin XCBuildConfiguration section */
		2582525D2ACF0D20006BB70D /* Debug */ = {
			isa = XCBuildConfiguration;
			buildSettings = {
				ALWAYS_SEARCH_USER_PATHS = NO;
				ASSETCATALOG_COMPILER_GENERATE_SWIFT_ASSET_SYMBOL_EXTENSIONS = YES;
				CLANG_ANALYZER_NONNULL = YES;
				CLANG_ANALYZER_NUMBER_OBJECT_CONVERSION = YES_AGGRESSIVE;
				CLANG_CXX_LANGUAGE_STANDARD = "gnu++20";
				CLANG_ENABLE_MODULES = YES;
				CLANG_ENABLE_OBJC_ARC = YES;
				CLANG_ENABLE_OBJC_WEAK = YES;
				CLANG_WARN_BLOCK_CAPTURE_AUTORELEASING = YES;
				CLANG_WARN_BOOL_CONVERSION = YES;
				CLANG_WARN_COMMA = YES;
				CLANG_WARN_CONSTANT_CONVERSION = YES;
				CLANG_WARN_DEPRECATED_OBJC_IMPLEMENTATIONS = YES;
				CLANG_WARN_DIRECT_OBJC_ISA_USAGE = YES_ERROR;
				CLANG_WARN_DOCUMENTATION_COMMENTS = YES;
				CLANG_WARN_EMPTY_BODY = YES;
				CLANG_WARN_ENUM_CONVERSION = YES;
				CLANG_WARN_INFINITE_RECURSION = YES;
				CLANG_WARN_INT_CONVERSION = YES;
				CLANG_WARN_NON_LITERAL_NULL_CONVERSION = YES;
				CLANG_WARN_OBJC_IMPLICIT_RETAIN_SELF = YES;
				CLANG_WARN_OBJC_LITERAL_CONVERSION = YES;
				CLANG_WARN_OBJC_ROOT_CLASS = YES_ERROR;
				CLANG_WARN_QUOTED_INCLUDE_IN_FRAMEWORK_HEADER = YES;
				CLANG_WARN_RANGE_LOOP_ANALYSIS = YES;
				CLANG_WARN_STRICT_PROTOTYPES = YES;
				CLANG_WARN_SUSPICIOUS_MOVE = YES;
				CLANG_WARN_UNGUARDED_AVAILABILITY = YES_AGGRESSIVE;
				CLANG_WARN_UNREACHABLE_CODE = YES;
				CLANG_WARN__DUPLICATE_METHOD_MATCH = YES;
				COPY_PHASE_STRIP = NO;
				DEBUG_INFORMATION_FORMAT = dwarf;
				ENABLE_STRICT_OBJC_MSGSEND = YES;
				ENABLE_TESTABILITY = YES;
				ENABLE_USER_SCRIPT_SANDBOXING = YES;
				GCC_C_LANGUAGE_STANDARD = gnu17;
				GCC_DYNAMIC_NO_PIC = NO;
				GCC_NO_COMMON_BLOCKS = YES;
				GCC_OPTIMIZATION_LEVEL = 0;
				GCC_PREPROCESSOR_DEFINITIONS = (
					"DEBUG=1",
					"$(inherited)",
				);
				GCC_WARN_64_TO_32_BIT_CONVERSION = YES;
				GCC_WARN_ABOUT_RETURN_TYPE = YES_ERROR;
				GCC_WARN_UNDECLARED_SELECTOR = YES;
				GCC_WARN_UNINITIALIZED_AUTOS = YES_AGGRESSIVE;
				GCC_WARN_UNUSED_FUNCTION = YES;
				GCC_WARN_UNUSED_VARIABLE = YES;
				IPHONEOS_DEPLOYMENT_TARGET = 17.0;
				LOCALIZATION_PREFERS_STRING_CATALOGS = YES;
				MTL_ENABLE_DEBUG_INFO = INCLUDE_SOURCE;
				MTL_FAST_MATH = YES;
				ONLY_ACTIVE_ARCH = YES;
				SDKROOT = iphoneos;
				SWIFT_ACTIVE_COMPILATION_CONDITIONS = "DEBUG $(inherited)";
				SWIFT_OPTIMIZATION_LEVEL = "-Onone";
			};
			name = Debug;
		};
		2582525E2ACF0D20006BB70D /* Release */ = {
			isa = XCBuildConfiguration;
			buildSettings = {
				ALWAYS_SEARCH_USER_PATHS = NO;
				ASSETCATALOG_COMPILER_GENERATE_SWIFT_ASSET_SYMBOL_EXTENSIONS = YES;
				CLANG_ANALYZER_NONNULL = YES;
				CLANG_ANALYZER_NUMBER_OBJECT_CONVERSION = YES_AGGRESSIVE;
				CLANG_CXX_LANGUAGE_STANDARD = "gnu++20";
				CLANG_ENABLE_MODULES = YES;
				CLANG_ENABLE_OBJC_ARC = YES;
				CLANG_ENABLE_OBJC_WEAK = YES;
				CLANG_WARN_BLOCK_CAPTURE_AUTORELEASING = YES;
				CLANG_WARN_BOOL_CONVERSION = YES;
				CLANG_WARN_COMMA = YES;
				CLANG_WARN_CONSTANT_CONVERSION = YES;
				CLANG_WARN_DEPRECATED_OBJC_IMPLEMENTATIONS = YES;
				CLANG_WARN_DIRECT_OBJC_ISA_USAGE = YES_ERROR;
				CLANG_WARN_DOCUMENTATION_COMMENTS = YES;
				CLANG_WARN_EMPTY_BODY = YES;
				CLANG_WARN_ENUM_CONVERSION = YES;
				CLANG_WARN_INFINITE_RECURSION = YES;
				CLANG_WARN_INT_CONVERSION = YES;
				CLANG_WARN_NON_LITERAL_NULL_CONVERSION = YES;
				CLANG_WARN_OBJC_IMPLICIT_RETAIN_SELF = YES;
				CLANG_WARN_OBJC_LITERAL_CONVERSION = YES;
				CLANG_WARN_OBJC_ROOT_CLASS = YES_ERROR;
				CLANG_WARN_QUOTED_INCLUDE_IN_FRAMEWORK_HEADER = YES;
				CLANG_WARN_RANGE_LOOP_ANALYSIS = YES;
				CLANG_WARN_STRICT_PROTOTYPES = YES;
				CLANG_WARN_SUSPICIOUS_MOVE = YES;
				CLANG_WARN_UNGUARDED_AVAILABILITY = YES_AGGRESSIVE;
				CLANG_WARN_UNREACHABLE_CODE = YES;
				CLANG_WARN__DUPLICATE_METHOD_MATCH = YES;
				COPY_PHASE_STRIP = NO;
				DEBUG_INFORMATION_FORMAT = "dwarf-with-dsym";
				ENABLE_NS_ASSERTIONS = NO;
				ENABLE_STRICT_OBJC_MSGSEND = YES;
				ENABLE_USER_SCRIPT_SANDBOXING = YES;
				GCC_C_LANGUAGE_STANDARD = gnu17;
				GCC_NO_COMMON_BLOCKS = YES;
				GCC_WARN_64_TO_32_BIT_CONVERSION = YES;
				GCC_WARN_ABOUT_RETURN_TYPE = YES_ERROR;
				GCC_WARN_UNDECLARED_SELECTOR = YES;
				GCC_WARN_UNINITIALIZED_AUTOS = YES_AGGRESSIVE;
				GCC_WARN_UNUSED_FUNCTION = YES;
				GCC_WARN_UNUSED_VARIABLE = YES;
				IPHONEOS_DEPLOYMENT_TARGET = 17.0;
				LOCALIZATION_PREFERS_STRING_CATALOGS = YES;
				MTL_ENABLE_DEBUG_INFO = NO;
				MTL_FAST_MATH = YES;
				SDKROOT = iphoneos;
				SWIFT_COMPILATION_MODE = wholemodule;
				VALIDATE_PRODUCT = YES;
			};
			name = Release;
		};
		258252602ACF0D20006BB70D /* Debug */ = {
			isa = XCBuildConfiguration;
			buildSettings = {
				ASSETCATALOG_COMPILER_APPICON_NAME = AppIcon;
				ASSETCATALOG_COMPILER_GLOBAL_ACCENT_COLOR_NAME = AccentColor;
				CODE_SIGN_STYLE = Automatic;
				CURRENT_PROJECT_VERSION = 1;
				DEVELOPMENT_TEAM = L9ABR6QCK4;
				GENERATE_INFOPLIST_FILE = YES;
				INFOPLIST_FILE = ParisSportifs/Info.plist;
				INFOPLIST_KEY_UIApplicationSupportsIndirectInputEvents = YES;
				INFOPLIST_KEY_UILaunchStoryboardName = LaunchScreen;
				INFOPLIST_KEY_UIMainStoryboardFile = Main;
				INFOPLIST_KEY_UISupportedInterfaceOrientations_iPad = "UIInterfaceOrientationPortrait UIInterfaceOrientationPortraitUpsideDown UIInterfaceOrientationLandscapeLeft UIInterfaceOrientationLandscapeRight";
				INFOPLIST_KEY_UISupportedInterfaceOrientations_iPhone = "UIInterfaceOrientationPortrait UIInterfaceOrientationLandscapeLeft UIInterfaceOrientationLandscapeRight";
				LD_RUNPATH_SEARCH_PATHS = (
					"$(inherited)",
					"@executable_path/Frameworks",
				);
				MARKETING_VERSION = 1.0;
				PRODUCT_BUNDLE_IDENTIFIER = com.test.ParisSportifs;
				PRODUCT_NAME = "$(TARGET_NAME)";
				SWIFT_EMIT_LOC_STRINGS = YES;
				SWIFT_VERSION = 5.0;
				TARGETED_DEVICE_FAMILY = "1,2";
			};
			name = Debug;
		};
		258252612ACF0D20006BB70D /* Release */ = {
			isa = XCBuildConfiguration;
			buildSettings = {
				ASSETCATALOG_COMPILER_APPICON_NAME = AppIcon;
				ASSETCATALOG_COMPILER_GLOBAL_ACCENT_COLOR_NAME = AccentColor;
				CODE_SIGN_STYLE = Automatic;
				CURRENT_PROJECT_VERSION = 1;
				DEVELOPMENT_TEAM = L9ABR6QCK4;
				GENERATE_INFOPLIST_FILE = YES;
				INFOPLIST_FILE = ParisSportifs/Info.plist;
				INFOPLIST_KEY_UIApplicationSupportsIndirectInputEvents = YES;
				INFOPLIST_KEY_UILaunchStoryboardName = LaunchScreen;
				INFOPLIST_KEY_UIMainStoryboardFile = Main;
				INFOPLIST_KEY_UISupportedInterfaceOrientations_iPad = "UIInterfaceOrientationPortrait UIInterfaceOrientationPortraitUpsideDown UIInterfaceOrientationLandscapeLeft UIInterfaceOrientationLandscapeRight";
				INFOPLIST_KEY_UISupportedInterfaceOrientations_iPhone = "UIInterfaceOrientationPortrait UIInterfaceOrientationLandscapeLeft UIInterfaceOrientationLandscapeRight";
				LD_RUNPATH_SEARCH_PATHS = (
					"$(inherited)",
					"@executable_path/Frameworks",
				);
				MARKETING_VERSION = 1.0;
				PRODUCT_BUNDLE_IDENTIFIER = com.test.ParisSportifs;
				PRODUCT_NAME = "$(TARGET_NAME)";
				SWIFT_EMIT_LOC_STRINGS = YES;
				SWIFT_VERSION = 5.0;
				TARGETED_DEVICE_FAMILY = "1,2";
			};
			name = Release;
		};
		258252632ACF0D20006BB70D /* Debug */ = {
			isa = XCBuildConfiguration;
			buildSettings = {
				ALWAYS_EMBED_SWIFT_STANDARD_LIBRARIES = YES;
				BUNDLE_LOADER = "$(TEST_HOST)";
				CODE_SIGN_STYLE = Automatic;
				CURRENT_PROJECT_VERSION = 1;
				DEVELOPMENT_TEAM = L9ABR6QCK4;
				GENERATE_INFOPLIST_FILE = YES;
				IPHONEOS_DEPLOYMENT_TARGET = 17.0;
				MARKETING_VERSION = 1.0;
				PRODUCT_BUNDLE_IDENTIFIER = com.test.ParisSportifsTests;
				PRODUCT_NAME = "$(TARGET_NAME)";
				SWIFT_EMIT_LOC_STRINGS = NO;
				SWIFT_VERSION = 5.0;
				TARGETED_DEVICE_FAMILY = "1,2";
				TEST_HOST = "$(BUILT_PRODUCTS_DIR)/ParisSportifs.app/$(BUNDLE_EXECUTABLE_FOLDER_PATH)/ParisSportifs";
			};
			name = Debug;
		};
		258252642ACF0D20006BB70D /* Release */ = {
			isa = XCBuildConfiguration;
			buildSettings = {
				ALWAYS_EMBED_SWIFT_STANDARD_LIBRARIES = YES;
				BUNDLE_LOADER = "$(TEST_HOST)";
				CODE_SIGN_STYLE = Automatic;
				CURRENT_PROJECT_VERSION = 1;
				DEVELOPMENT_TEAM = L9ABR6QCK4;
				GENERATE_INFOPLIST_FILE = YES;
				IPHONEOS_DEPLOYMENT_TARGET = 17.0;
				MARKETING_VERSION = 1.0;
				PRODUCT_BUNDLE_IDENTIFIER = com.test.ParisSportifsTests;
				PRODUCT_NAME = "$(TARGET_NAME)";
				SWIFT_EMIT_LOC_STRINGS = NO;
				SWIFT_VERSION = 5.0;
				TARGETED_DEVICE_FAMILY = "1,2";
				TEST_HOST = "$(BUILT_PRODUCTS_DIR)/ParisSportifs.app/$(BUNDLE_EXECUTABLE_FOLDER_PATH)/ParisSportifs";
			};
			name = Release;
		};
		258252662ACF0D20006BB70D /* Debug */ = {
			isa = XCBuildConfiguration;
			buildSettings = {
				ALWAYS_EMBED_SWIFT_STANDARD_LIBRARIES = YES;
				CODE_SIGN_STYLE = Automatic;
				CURRENT_PROJECT_VERSION = 1;
				DEVELOPMENT_TEAM = L9ABR6QCK4;
				GENERATE_INFOPLIST_FILE = YES;
				MARKETING_VERSION = 1.0;
				PRODUCT_BUNDLE_IDENTIFIER = com.test.ParisSportifsUITests;
				PRODUCT_NAME = "$(TARGET_NAME)";
				SWIFT_EMIT_LOC_STRINGS = NO;
				SWIFT_VERSION = 5.0;
				TARGETED_DEVICE_FAMILY = "1,2";
				TEST_TARGET_NAME = ParisSportifs;
			};
			name = Debug;
		};
		258252672ACF0D20006BB70D /* Release */ = {
			isa = XCBuildConfiguration;
			buildSettings = {
				ALWAYS_EMBED_SWIFT_STANDARD_LIBRARIES = YES;
				CODE_SIGN_STYLE = Automatic;
				CURRENT_PROJECT_VERSION = 1;
				DEVELOPMENT_TEAM = L9ABR6QCK4;
				GENERATE_INFOPLIST_FILE = YES;
				MARKETING_VERSION = 1.0;
				PRODUCT_BUNDLE_IDENTIFIER = com.test.ParisSportifsUITests;
				PRODUCT_NAME = "$(TARGET_NAME)";
				SWIFT_EMIT_LOC_STRINGS = NO;
				SWIFT_VERSION = 5.0;
				TARGETED_DEVICE_FAMILY = "1,2";
				TEST_TARGET_NAME = ParisSportifs;
			};
			name = Release;
		};
/* End XCBuildConfiguration section */

/* Begin XCConfigurationList section */
		2582522D2ACF0D19006BB70D /* Build configuration list for PBXProject "ParisSportifs" */ = {
			isa = XCConfigurationList;
			buildConfigurations = (
				2582525D2ACF0D20006BB70D /* Debug */,
				2582525E2ACF0D20006BB70D /* Release */,
			);
			defaultConfigurationIsVisible = 0;
			defaultConfigurationName = Release;
		};
		2582525F2ACF0D20006BB70D /* Build configuration list for PBXNativeTarget "ParisSportifs" */ = {
			isa = XCConfigurationList;
			buildConfigurations = (
				258252602ACF0D20006BB70D /* Debug */,
				258252612ACF0D20006BB70D /* Release */,
			);
			defaultConfigurationIsVisible = 0;
			defaultConfigurationName = Release;
		};
		258252622ACF0D20006BB70D /* Build configuration list for PBXNativeTarget "ParisSportifsTests" */ = {
			isa = XCConfigurationList;
			buildConfigurations = (
				258252632ACF0D20006BB70D /* Debug */,
				258252642ACF0D20006BB70D /* Release */,
			);
			defaultConfigurationIsVisible = 0;
			defaultConfigurationName = Release;
		};
		258252652ACF0D20006BB70D /* Build configuration list for PBXNativeTarget "ParisSportifsUITests" */ = {
			isa = XCConfigurationList;
			buildConfigurations = (
				258252662ACF0D20006BB70D /* Debug */,
				258252672ACF0D20006BB70D /* Release */,
			);
			defaultConfigurationIsVisible = 0;
			defaultConfigurationName = Release;
		};
/* End XCConfigurationList section */

/* Begin XCVersionGroup section */
		2582523E2ACF0D1A006BB70D /* ParisSportifs.xcdatamodeld */ = {
			isa = XCVersionGroup;
			children = (
				2582523F2ACF0D1A006BB70D /* ParisSportifs.xcdatamodel */,
			);
			currentVersion = 2582523F2ACF0D1A006BB70D /* ParisSportifs.xcdatamodel */;
			path = ParisSportifs.xcdatamodeld;
			sourceTree = "<group>";
			versionGroupType = wrapper.xcdatamodel;
		};
/* End XCVersionGroup section */
	};
	rootObject = 2582522A2ACF0D19006BB70D /* Project object */;
}
